{
    "_readme": [
        "This file locks the dependencies of your project to a known state",
        "Read more about it at https://getcomposer.org/doc/01-basic-usage.md#composer-lock-the-lock-file",
        "This file is @generated automatically"
    ],
    "content-hash": "eea34ed18cad1a7efd13fcc556b22210",
    "packages": [
        {
            "name": "channelengine/api-client-php",
            "version": "2.3.0",
            "source": {
                "type": "git",
                "url": "https://github.com/channelengine/api-client-php.git",
                "reference": "15cf2cbe673cc62d5f18b04b0283071dbdb9b36a"
            },
            "dist": {
                "type": "zip",
                "url": "https://api.github.com/repos/channelengine/api-client-php/zipball/15cf2cbe673cc62d5f18b04b0283071dbdb9b36a",
                "reference": "15cf2cbe673cc62d5f18b04b0283071dbdb9b36a",
                "shasum": ""
            },
            "require": {
                "ext-curl": "*",
                "ext-json": "*",
                "ext-mbstring": "*",
                "php": ">=5.4"
            },
            "require-dev": {
                "friendsofphp/php-cs-fixer": "~1.12",
                "phpunit/phpunit": "~4.8",
                "satooshi/php-coveralls": "~1.0",
                "squizlabs/php_codesniffer": "~2.6"
            },
            "type": "library",
            "autoload": {
                "psr-4": {
                    "ChannelEngine\\ApiClient\\": "lib/"
                }
            },
            "notification-url": "https://packagist.org/downloads/",
            "license": [
                "proprietary"
            ],
            "authors": [
                {
                    "name": "Swagger and contributors",
                    "homepage": "https://github.com/swagger-api/swagger-codegen"
                }
            ],
            "homepage": "http://swagger.io",
            "keywords": [
                "api",
                "php",
                "sdk",
                "swagger"
            ],
            "time": "2017-09-08T13:11:41+00:00"
        }
    ],
    "packages-dev": [],
    "aliases": [],
    "minimum-stability": "stable",
    "stability-flags": [],
    "prefer-stable": false,
    "prefer-lowest": false,
    "platform": [],
    "platform-dev": []
}
